// !$*UTF8*$!
{
	archiveVersion = 1;
	classes = {
	};
	objectVersion = 56;
	objects = {

/* Begin PBXBuildFile section */
		61B4749429A12F490068A194 /* VirusGameApp.swift in Sources */ = {isa = PBXBuildFile; fileRef = 61B4749329A12F490068A194 /* VirusGameApp.swift */; };
		61B4749629A12F490068A194 /* ContentView.swift in Sources */ = {isa = PBXBuildFile; fileRef = 61B4749529A12F490068A194 /* ContentView.swift */; };
		61B4749829A12F4A0068A194 /* Assets.xcassets in Resources */ = {isa = PBXBuildFile; fileRef = 61B4749729A12F4A0068A194 /* Assets.xcassets */; };
		61B4749B29A12F4A0068A194 /* Preview Assets.xcassets in Resources */ = {isa = PBXBuildFile; fileRef = 61B4749A29A12F4A0068A194 /* Preview Assets.xcassets */; };
		61B4749D29A12F4A0068A194 /* Persistence.swift in Sources */ = {isa = PBXBuildFile; fileRef = 61B4749C29A12F4A0068A194 /* Persistence.swift */; };
		61B474A029A12F4A0068A194 /* VirusGame.xcdatamodeld in Sources */ = {isa = PBXBuildFile; fileRef = 61B4749E29A12F4A0068A194 /* VirusGame.xcdatamodeld */; };
		61B474AA29A12F4B0068A194 /* VirusGameTests.swift in Sources */ = {isa = PBXBuildFile; fileRef = 61B474A929A12F4B0068A194 /* VirusGameTests.swift */; };
		61B474B429A12F4B0068A194 /* VirusGameUITests.swift in Sources */ = {isa = PBXBuildFile; fileRef = 61B474B329A12F4B0068A194 /* VirusGameUITests.swift */; };
		61B474B629A12F4B0068A194 /* VirusGameUITestsLaunchTests.swift in Sources */ = {isa = PBXBuildFile; fileRef = 61B474B529A12F4B0068A194 /* VirusGameUITestsLaunchTests.swift */; };
/* End PBXBuildFile section */

/* Begin PBXContainerItemProxy section */
		61B474A629A12F4B0068A194 /* PBXContainerItemProxy */ = {
			isa = PBXContainerItemProxy;
			containerPortal = 61B4748829A12F490068A194 /* Project object */;
			proxyType = 1;
			remoteGlobalIDString = 61B4748F29A12F490068A194;
			remoteInfo = VirusGame;
		};
		61B474B029A12F4B0068A194 /* PBXContainerItemProxy */ = {
			isa = PBXContainerItemProxy;
			containerPortal = 61B4748829A12F490068A194 /* Project object */;
			proxyType = 1;
			remoteGlobalIDString = 61B4748F29A12F490068A194;
			remoteInfo = VirusGame;
		};
/* End PBXContainerItemProxy section */

/* Begin PBXFileReference section */
		61B4749029A12F490068A194 /* VirusGame.app */ = {isa = PBXFileReference; explicitFileType = wrapper.application; includeInIndex = 0; path = VirusGame.app; sourceTree = BUILT_PRODUCTS_DIR; };
		61B4749329A12F490068A194 /* VirusGameApp.swift */ = {isa = PBXFileReference; lastKnownFileType = sourcecode.swift; path = VirusGameApp.swift; sourceTree = "<group>"; };
		61B4749529A12F490068A194 /* ContentView.swift */ = {isa = PBXFileReference; lastKnownFileType = sourcecode.swift; path = ContentView.swift; sourceTree = "<group>"; };
		61B4749729A12F4A0068A194 /* Assets.xcassets */ = {isa = PBXFileReference; lastKnownFileType = folder.assetcatalog; path = Assets.xcassets; sourceTree = "<group>"; };
		61B4749A29A12F4A0068A194 /* Preview Assets.xcassets */ = {isa = PBXFileReference; lastKnownFileType = folder.assetcatalog; path = "Preview Assets.xcassets"; sourceTree = "<group>"; };
		61B4749C29A12F4A0068A194 /* Persistence.swift */ = {isa = PBXFileReference; lastKnownFileType = sourcecode.swift; path = Persistence.swift; sourceTree = "<group>"; };
		61B4749F29A12F4A0068A194 /* VirusGame.xcdatamodel */ = {isa = PBXFileReference; lastKnownFileType = wrapper.xcdatamodel; path = VirusGame.xcdatamodel; sourceTree = "<group>"; };
		61B474A529A12F4B0068A194 /* VirusGameTests.xctest */ = {isa = PBXFileReference; explicitFileType = wrapper.cfbundle; includeInIndex = 0; path = VirusGameTests.xctest; sourceTree = BUILT_PRODUCTS_DIR; };
		61B474A929A12F4B0068A194 /* VirusGameTests.swift */ = {isa = PBXFileReference; lastKnownFileType = sourcecode.swift; path = VirusGameTests.swift; sourceTree = "<group>"; };
		61B474AF29A12F4B0068A194 /* VirusGameUITests.xctest */ = {isa = PBXFileReference; explicitFileType = wrapper.cfbundle; includeInIndex = 0; path = VirusGameUITests.xctest; sourceTree = BUILT_PRODUCTS_DIR; };
		61B474B329A12F4B0068A194 /* VirusGameUITests.swift */ = {isa = PBXFileReference; lastKnownFileType = sourcecode.swift; path = VirusGameUITests.swift; sourceTree = "<group>"; };
		61B474B529A12F4B0068A194 /* VirusGameUITestsLaunchTests.swift */ = {isa = PBXFileReference; lastKnownFileType = sourcecode.swift; path = VirusGameUITestsLaunchTests.swift; sourceTree = "<group>"; };
/* End PBXFileReference section */

/* Begin PBXFrameworksBuildPhase section */
		61B4748D29A12F490068A194 /* Frameworks */ = {
			isa = PBXFrameworksBuildPhase;
			buildActionMask = 2147483647;
			files = (
			);
			runOnlyForDeploymentPostprocessing = 0;
		};
		61B474A229A12F4B0068A194 /* Frameworks */ = {
			isa = PBXFrameworksBuildPhase;
			buildActionMask = 2147483647;
			files = (
			);
			runOnlyForDeploymentPostprocessing = 0;
		};
		61B474AC29A12F4B0068A194 /* Frameworks */ = {
			isa = PBXFrameworksBuildPhase;
			buildActionMask = 2147483647;
			files = (
			);
			runOnlyForDeploymentPostprocessing = 0;
		};
/* End PBXFrameworksBuildPhase section */

/* Begin PBXGroup section */
		61B4748729A12F490068A194 = {
			isa = PBXGroup;
			children = (
				61B4749229A12F490068A194 /* VirusGame */,
				61B474A829A12F4B0068A194 /* VirusGameTests */,
				61B474B229A12F4B0068A194 /* VirusGameUITests */,
				61B4749129A12F490068A194 /* Products */,
			);
			sourceTree = "<group>";
		};
		61B4749129A12F490068A194 /* Products */ = {
			isa = PBXGroup;
			children = (
				61B4749029A12F490068A194 /* VirusGame.app */,
				61B474A529A12F4B0068A194 /* VirusGameTests.xctest */,
				61B474AF29A12F4B0068A194 /* VirusGameUITests.xctest */,
			);
			name = Products;
			sourceTree = "<group>";
		};
		61B4749229A12F490068A194 /* VirusGame */ = {
			isa = PBXGroup;
			children = (
				61B4749329A12F490068A194 /* VirusGameApp.swift */,
				61B4749529A12F490068A194 /* ContentView.swift */,
				61B4749729A12F4A0068A194 /* Assets.xcassets */,
				61B4749C29A12F4A0068A194 /* Persistence.swift */,
				61B4749E29A12F4A0068A194 /* VirusGame.xcdatamodeld */,
				61B4749929A12F4A0068A194 /* Preview Content */,
			);
			path = VirusGame;
			sourceTree = "<group>";
		};
		61B4749929A12F4A0068A194 /* Preview Content */ = {
			isa = PBXGroup;
			children = (
				61B4749A29A12F4A0068A194 /* Preview Assets.xcassets */,
			);
			path = "Preview Content";
			sourceTree = "<group>";
		};
		61B474A829A12F4B0068A194 /* VirusGameTests */ = {
			isa = PBXGroup;
			children = (
				61B474A929A12F4B0068A194 /* VirusGameTests.swift */,
			);
			path = VirusGameTests;
			sourceTree = "<group>";
		};
		61B474B229A12F4B0068A194 /* VirusGameUITests */ = {
			isa = PBXGroup;
			children = (
				61B474B329A12F4B0068A194 /* VirusGameUITests.swift */,
				61B474B529A12F4B0068A194 /* VirusGameUITestsLaunchTests.swift */,
			);
			path = VirusGameUITests;
			sourceTree = "<group>";
		};
/* End PBXGroup section */

/* Begin PBXNativeTarget section */
		61B4748F29A12F490068A194 /* VirusGame */ = {
			isa = PBXNativeTarget;
			buildConfigurationList = 61B474B929A12F4B0068A194 /* Build configuration list for PBXNativeTarget "VirusGame" */;
			buildPhases = (
				61B4748C29A12F490068A194 /* Sources */,
				61B4748D29A12F490068A194 /* Frameworks */,
				61B4748E29A12F490068A194 /* Resources */,
			);
			buildRules = (
			);
			dependencies = (
			);
			name = VirusGame;
			productName = VirusGame;
			productReference = 61B4749029A12F490068A194 /* VirusGame.app */;
			productType = "com.apple.product-type.application";
		};
		61B474A429A12F4B0068A194 /* VirusGameTests */ = {
			isa = PBXNativeTarget;
			buildConfigurationList = 61B474BC29A12F4B0068A194 /* Build configuration list for PBXNativeTarget "VirusGameTests" */;
			buildPhases = (
				61B474A129A12F4B0068A194 /* Sources */,
				61B474A229A12F4B0068A194 /* Frameworks */,
				61B474A329A12F4B0068A194 /* Resources */,
			);
			buildRules = (
			);
			dependencies = (
				61B474A729A12F4B0068A194 /* PBXTargetDependency */,
			);
			name = VirusGameTests;
			productName = VirusGameTests;
			productReference = 61B474A529A12F4B0068A194 /* VirusGameTests.xctest */;
			productType = "com.apple.product-type.bundle.unit-test";
		};
		61B474AE29A12F4B0068A194 /* VirusGameUITests */ = {
			isa = PBXNativeTarget;
			buildConfigurationList = 61B474BF29A12F4B0068A194 /* Build configuration list for PBXNativeTarget "VirusGameUITests" */;
			buildPhases = (
				61B474AB29A12F4B0068A194 /* Sources */,
				61B474AC29A12F4B0068A194 /* Frameworks */,
				61B474AD29A12F4B0068A194 /* Resources */,
			);
			buildRules = (
			);
			dependencies = (
				61B474B129A12F4B0068A194 /* PBXTargetDependency */,
			);
			name = VirusGameUITests;
			productName = VirusGameUITests;
			productReference = 61B474AF29A12F4B0068A194 /* VirusGameUITests.xctest */;
			productType = "com.apple.product-type.bundle.ui-testing";
		};
/* End PBXNativeTarget section */

/* Begin PBXProject section */
		61B4748829A12F490068A194 /* Project object */ = {
			isa = PBXProject;
			attributes = {
				BuildIndependentTargetsInParallel = 1;
				LastSwiftUpdateCheck = 1420;
				LastUpgradeCheck = 1420;
				TargetAttributes = {
					61B4748F29A12F490068A194 = {
						CreatedOnToolsVersion = 14.2;
					};
					61B474A429A12F4B0068A194 = {
						CreatedOnToolsVersion = 14.2;
						TestTargetID = 61B4748F29A12F490068A194;
					};
					61B474AE29A12F4B0068A194 = {
						CreatedOnToolsVersion = 14.2;
						TestTargetID = 61B4748F29A12F490068A194;
					};
				};
			};
			buildConfigurationList = 61B4748B29A12F490068A194 /* Build configuration list for PBXProject "VirusGame" */;
			compatibilityVersion = "Xcode 14.0";
			developmentRegion = en;
			hasScannedForEncodings = 0;
			knownRegions = (
				en,
				Base,
			);
			mainGroup = 61B4748729A12F490068A194;
			productRefGroup = 61B4749129A12F490068A194 /* Products */;
			projectDirPath = "";
			projectRoot = "";
			targets = (
				61B4748F29A12F490068A194 /* VirusGame */,
				61B474A429A12F4B0068A194 /* VirusGameTests */,
				61B474AE29A12F4B0068A194 /* VirusGameUITests */,
			);
		};
/* End PBXProject section */

/* Begin PBXResourcesBuildPhase section */
		61B4748E29A12F490068A194 /* Resources */ = {
			isa = PBXResourcesBuildPhase;
			buildActionMask = 2147483647;
			files = (
				61B4749B29A12F4A0068A194 /* Preview Assets.xcassets in Resources */,
				61B4749829A12F4A0068A194 /* Assets.xcassets in Resources */,
			);
			runOnlyForDeploymentPostprocessing = 0;
		};
		61B474A329A12F4B0068A194 /* Resources */ = {
			isa = PBXResourcesBuildPhase;
			buildActionMask = 2147483647;
			files = (
			);
			runOnlyForDeploymentPostprocessing = 0;
		};
		61B474AD29A12F4B0068A194 /* Resources */ = {
			isa = PBXResourcesBuildPhase;
			buildActionMask = 2147483647;
			files = (
			);
			runOnlyForDeploymentPostprocessing = 0;
		};
/* End PBXResourcesBuildPhase section */

/* Begin PBXSourcesBuildPhase section */
		61B4748C29A12F490068A194 /* Sources */ = {
			isa = PBXSourcesBuildPhase;
			buildActionMask = 2147483647;
			files = (
				61B4749D29A12F4A0068A194 /* Persistence.swift in Sources */,
				61B474A029A12F4A0068A194 /* VirusGame.xcdatamodeld in Sources */,
				61B4749629A12F490068A194 /* ContentView.swift in Sources */,
				61B4749429A12F490068A194 /* VirusGameApp.swift in Sources */,
			);
			runOnlyForDeploymentPostprocessing = 0;
		};
		61B474A129A12F4B0068A194 /* Sources */ = {
			isa = PBXSourcesBuildPhase;
			buildActionMask = 2147483647;
			files = (
				61B474AA29A12F4B0068A194 /* VirusGameTests.swift in Sources */,
			);
			runOnlyForDeploymentPostprocessing = 0;
		};
		61B474AB29A12F4B0068A194 /* Sources */ = {
			isa = PBXSourcesBuildPhase;
			buildActionMask = 2147483647;
			files = (
				61B474B629A12F4B0068A194 /* VirusGameUITestsLaunchTests.swift in Sources */,
				61B474B429A12F4B0068A194 /* VirusGameUITests.swift in Sources */,
			);
			runOnlyForDeploymentPostprocessing = 0;
		};
/* End PBXSourcesBuildPhase section */

/* Begin PBXTargetDependency section */
		61B474A729A12F4B0068A194 /* PBXTargetDependency */ = {
			isa = PBXTargetDependency;
			target = 61B4748F29A12F490068A194 /* VirusGame */;
			targetProxy = 61B474A629A12F4B0068A194 /* PBXContainerItemProxy */;
		};
		61B474B129A12F4B0068A194 /* PBXTargetDependency */ = {
			isa = PBXTargetDependency;
			target = 61B4748F29A12F490068A194 /* VirusGame */;
			targetProxy = 61B474B029A12F4B0068A194 /* PBXContainerItemProxy */;
		};
/* End PBXTargetDependency section */

/* Begin XCBuildConfiguration section */
		61B474B729A12F4B0068A194 /* Debug */ = {
			isa = XCBuildConfiguration;
			buildSettings = {
				ALWAYS_SEARCH_USER_PATHS = NO;
				CLANG_ANALYZER_NONNULL = YES;
				CLANG_ANALYZER_NUMBER_OBJECT_CONVERSION = YES_AGGRESSIVE;
				CLANG_CXX_LANGUAGE_STANDARD = "gnu++20";
				CLANG_ENABLE_MODULES = YES;
				CLANG_ENABLE_OBJC_ARC = YES;
				CLANG_ENABLE_OBJC_WEAK = YES;
				CLANG_WARN_BLOCK_CAPTURE_AUTORELEASING = YES;
				CLANG_WARN_BOOL_CONVERSION = YES;
				CLANG_WARN_COMMA = YES;
				CLANG_WARN_CONSTANT_CONVERSION = YES;
				CLANG_WARN_DEPRECATED_OBJC_IMPLEMENTATIONS = YES;
				CLANG_WARN_DIRECT_OBJC_ISA_USAGE = YES_ERROR;
				CLANG_WARN_DOCUMENTATION_COMMENTS = YES;
				CLANG_WARN_EMPTY_BODY = YES;
				CLANG_WARN_ENUM_CONVERSION = YES;
				CLANG_WARN_INFINITE_RECURSION = YES;
				CLANG_WARN_INT_CONVERSION = YES;
				CLANG_WARN_NON_LITERAL_NULL_CONVERSION = YES;
				CLANG_WARN_OBJC_IMPLICIT_RETAIN_SELF = YES;
				CLANG_WARN_OBJC_LITERAL_CONVERSION = YES;
				CLANG_WARN_OBJC_ROOT_CLASS = YES_ERROR;
				CLANG_WARN_QUOTED_INCLUDE_IN_FRAMEWORK_HEADER = YES;
				CLANG_WARN_RANGE_LOOP_ANALYSIS = YES;
				CLANG_WARN_STRICT_PROTOTYPES = YES;
				CLANG_WARN_SUSPICIOUS_MOVE = YES;
				CLANG_WARN_UNGUARDED_AVAILABILITY = YES_AGGRESSIVE;
				CLANG_WARN_UNREACHABLE_CODE = YES;
				CLANG_WARN__DUPLICATE_METHOD_MATCH = YES;
				COPY_PHASE_STRIP = NO;
				DEBUG_INFORMATION_FORMAT = dwarf;
				ENABLE_STRICT_OBJC_MSGSEND = YES;
				ENABLE_TESTABILITY = YES;
				GCC_C_LANGUAGE_STANDARD = gnu11;
				GCC_DYNAMIC_NO_PIC = NO;
				GCC_NO_COMMON_BLOCKS = YES;
				GCC_OPTIMIZATION_LEVEL = 0;
				GCC_PREPROCESSOR_DEFINITIONS = (
					"DEBUG=1",
					"$(inherited)",
				);
				GCC_WARN_64_TO_32_BIT_CONVERSION = YES;
				GCC_WARN_ABOUT_RETURN_TYPE = YES_ERROR;
				GCC_WARN_UNDECLARED_SELECTOR = YES;
				GCC_WARN_UNINITIALIZED_AUTOS = YES_AGGRESSIVE;
				GCC_WARN_UNUSED_FUNCTION = YES;
				GCC_WARN_UNUSED_VARIABLE = YES;
				IPHONEOS_DEPLOYMENT_TARGET = 16.2;
				MTL_ENABLE_DEBUG_INFO = INCLUDE_SOURCE;
				MTL_FAST_MATH = YES;
				ONLY_ACTIVE_ARCH = YES;
				SDKROOT = iphoneos;
				SWIFT_ACTIVE_COMPILATION_CONDITIONS = DEBUG;
				SWIFT_OPTIMIZATION_LEVEL = "-Onone";
			};
			name = Debug;
		};
		61B474B829A12F4B0068A194 /* Release */ = {
			isa = XCBuildConfiguration;
			buildSettings = {
				ALWAYS_SEARCH_USER_PATHS = NO;
				CLANG_ANALYZER_NONNULL = YES;
				CLANG_ANALYZER_NUMBER_OBJECT_CONVERSION = YES_AGGRESSIVE;
				CLANG_CXX_LANGUAGE_STANDARD = "gnu++20";
				CLANG_ENABLE_MODULES = YES;
				CLANG_ENABLE_OBJC_ARC = YES;
				CLANG_ENABLE_OBJC_WEAK = YES;
				CLANG_WARN_BLOCK_CAPTURE_AUTORELEASING = YES;
				CLANG_WARN_BOOL_CONVERSION = YES;
				CLANG_WARN_COMMA = YES;
				CLANG_WARN_CONSTANT_CONVERSION = YES;
				CLANG_WARN_DEPRECATED_OBJC_IMPLEMENTATIONS = YES;
				CLANG_WARN_DIRECT_OBJC_ISA_USAGE = YES_ERROR;
				CLANG_WARN_DOCUMENTATION_COMMENTS = YES;
				CLANG_WARN_EMPTY_BODY = YES;
				CLANG_WARN_ENUM_CONVERSION = YES;
				CLANG_WARN_INFINITE_RECURSION = YES;
				CLANG_WARN_INT_CONVERSION = YES;
				CLANG_WARN_NON_LITERAL_NULL_CONVERSION = YES;
				CLANG_WARN_OBJC_IMPLICIT_RETAIN_SELF = YES;
				CLANG_WARN_OBJC_LITERAL_CONVERSION = YES;
				CLANG_WARN_OBJC_ROOT_CLASS = YES_ERROR;
				CLANG_WARN_QUOTED_INCLUDE_IN_FRAMEWORK_HEADER = YES;
				CLANG_WARN_RANGE_LOOP_ANALYSIS = YES;
				CLANG_WARN_STRICT_PROTOTYPES = YES;
				CLANG_WARN_SUSPICIOUS_MOVE = YES;
				CLANG_WARN_UNGUARDED_AVAILABILITY = YES_AGGRESSIVE;
				CLANG_WARN_UNREACHABLE_CODE = YES;
				CLANG_WARN__DUPLICATE_METHOD_MATCH = YES;
				COPY_PHASE_STRIP = NO;
				DEBUG_INFORMATION_FORMAT = "dwarf-with-dsym";
				ENABLE_NS_ASSERTIONS = NO;
				ENABLE_STRICT_OBJC_MSGSEND = YES;
				GCC_C_LANGUAGE_STANDARD = gnu11;
				GCC_NO_COMMON_BLOCKS = YES;
				GCC_WARN_64_TO_32_BIT_CONVERSION = YES;
				GCC_WARN_ABOUT_RETURN_TYPE = YES_ERROR;
				GCC_WARN_UNDECLARED_SELECTOR = YES;
				GCC_WARN_UNINITIALIZED_AUTOS = YES_AGGRESSIVE;
				GCC_WARN_UNUSED_FUNCTION = YES;
				GCC_WARN_UNUSED_VARIABLE = YES;
				IPHONEOS_DEPLOYMENT_TARGET = 16.2;
				MTL_ENABLE_DEBUG_INFO = NO;
				MTL_FAST_MATH = YES;
				SDKROOT = iphoneos;
				SWIFT_COMPILATION_MODE = wholemodule;
				SWIFT_OPTIMIZATION_LEVEL = "-O";
				VALIDATE_PRODUCT = YES;
			};
			name = Release;
		};
		61B474BA29A12F4B0068A194 /* Debug */ = {
			isa = XCBuildConfiguration;
			buildSettings = {
				ASSETCATALOG_COMPILER_APPICON_NAME = AppIcon;
				ASSETCATALOG_COMPILER_GLOBAL_ACCENT_COLOR_NAME = AccentColor;
				CODE_SIGN_STYLE = Automatic;
				CURRENT_PROJECT_VERSION = 1;
				DEVELOPMENT_ASSET_PATHS = "\"VirusGame/Preview Content\"";
				DEVELOPMENT_TEAM = K6CPW5Z67L;
				ENABLE_PREVIEWS = YES;
				GENERATE_INFOPLIST_FILE = YES;
				INFOPLIST_KEY_UIApplicationSceneManifest_Generation = YES;
				INFOPLIST_KEY_UIApplicationSupportsIndirectInputEvents = YES;
				INFOPLIST_KEY_UILaunchScreen_Generation = YES;
				INFOPLIST_KEY_UISupportedInterfaceOrientations_iPad = "UIInterfaceOrientationPortrait UIInterfaceOrientationPortraitUpsideDown UIInterfaceOrientationLandscapeLeft UIInterfaceOrientationLandscapeRight";
				INFOPLIST_KEY_UISupportedInterfaceOrientations_iPhone = "UIInterfaceOrientationPortrait UIInterfaceOrientationLandscapeLeft UIInterfaceOrientationLandscapeRight";
				LD_RUNPATH_SEARCH_PATHS = (
					"$(inherited)",
					"@executable_path/Frameworks",
				);
				MARKETING_VERSION = 1.0;
				PRODUCT_BUNDLE_IDENTIFIER = com.VS.VirusGame;
				PRODUCT_NAME = "$(TARGET_NAME)";
				SWIFT_EMIT_LOC_STRINGS = YES;
				SWIFT_VERSION = 5.0;
				TARGETED_DEVICE_FAMILY = "1,2";
			};
			name = Debug;
		};
		61B474BB29A12F4B0068A194 /* Release */ = {
			isa = XCBuildConfiguration;
			buildSettings = {
				ASSETCATALOG_COMPILER_APPICON_NAME = AppIcon;
				ASSETCATALOG_COMPILER_GLOBAL_ACCENT_COLOR_NAME = AccentColor;
				CODE_SIGN_STYLE = Automatic;
				CURRENT_PROJECT_VERSION = 1;
				DEVELOPMENT_ASSET_PATHS = "\"VirusGame/Preview Content\"";
				DEVELOPMENT_TEAM = K6CPW5Z67L;
				ENABLE_PREVIEWS = YES;
				GENERATE_INFOPLIST_FILE = YES;
				INFOPLIST_KEY_UIApplicationSceneManifest_Generation = YES;
				INFOPLIST_KEY_UIApplicationSupportsIndirectInputEvents = YES;
				INFOPLIST_KEY_UILaunchScreen_Generation = YES;
				INFOPLIST_KEY_UISupportedInterfaceOrientations_iPad = "UIInterfaceOrientationPortrait UIInterfaceOrientationPortraitUpsideDown UIInterfaceOrientationLandscapeLeft UIInterfaceOrientationLandscapeRight";
				INFOPLIST_KEY_UISupportedInterfaceOrientations_iPhone = "UIInterfaceOrientationPortrait UIInterfaceOrientationLandscapeLeft UIInterfaceOrientationLandscapeRight";
				LD_RUNPATH_SEARCH_PATHS = (
					"$(inherited)",
					"@executable_path/Frameworks",
				);
				MARKETING_VERSION = 1.0;
				PRODUCT_BUNDLE_IDENTIFIER = com.VS.VirusGame;
				PRODUCT_NAME = "$(TARGET_NAME)";
				SWIFT_EMIT_LOC_STRINGS = YES;
				SWIFT_VERSION = 5.0;
				TARGETED_DEVICE_FAMILY = "1,2";
			};
			name = Release;
		};
		61B474BD29A12F4B0068A194 /* Debug */ = {
			isa = XCBuildConfiguration;
			buildSettings = {
				ALWAYS_EMBED_SWIFT_STANDARD_LIBRARIES = YES;
				BUNDLE_LOADER = "$(TEST_HOST)";
				CODE_SIGN_STYLE = Automatic;
				CURRENT_PROJECT_VERSION = 1;
				DEVELOPMENT_TEAM = K6CPW5Z67L;
				GENERATE_INFOPLIST_FILE = YES;
				IPHONEOS_DEPLOYMENT_TARGET = 16.2;
				MARKETING_VERSION = 1.0;
				PRODUCT_BUNDLE_IDENTIFIER = com.VS.VirusGameTests;
				PRODUCT_NAME = "$(TARGET_NAME)";
				SWIFT_EMIT_LOC_STRINGS = NO;
				SWIFT_VERSION = 5.0;
				TARGETED_DEVICE_FAMILY = "1,2";
				TEST_HOST = "$(BUILT_PRODUCTS_DIR)/VirusGame.app/$(BUNDLE_EXECUTABLE_FOLDER_PATH)/VirusGame";
			};
			name = Debug;
		};
		61B474BE29A12F4B0068A194 /* Release */ = {
			isa = XCBuildConfiguration;
			buildSettings = {
				ALWAYS_EMBED_SWIFT_STANDARD_LIBRARIES = YES;
				BUNDLE_LOADER = "$(TEST_HOST)";
				CODE_SIGN_STYLE = Automatic;
				CURRENT_PROJECT_VERSION = 1;
				DEVELOPMENT_TEAM = K6CPW5Z67L;
				GENERATE_INFOPLIST_FILE = YES;
				IPHONEOS_DEPLOYMENT_TARGET = 16.2;
				MARKETING_VERSION = 1.0;
				PRODUCT_BUNDLE_IDENTIFIER = com.VS.VirusGameTests;
				PRODUCT_NAME = "$(TARGET_NAME)";
				SWIFT_EMIT_LOC_STRINGS = NO;
				SWIFT_VERSION = 5.0;
				TARGETED_DEVICE_FAMILY = "1,2";
				TEST_HOST = "$(BUILT_PRODUCTS_DIR)/VirusGame.app/$(BUNDLE_EXECUTABLE_FOLDER_PATH)/VirusGame";
			};
			name = Release;
		};
		61B474C029A12F4B0068A194 /* Debug */ = {
			isa = XCBuildConfiguration;
			buildSettings = {
				ALWAYS_EMBED_SWIFT_STANDARD_LIBRARIES = YES;
				CODE_SIGN_STYLE = Automatic;
				CURRENT_PROJECT_VERSION = 1;
				DEVELOPMENT_TEAM = K6CPW5Z67L;
				GENERATE_INFOPLIST_FILE = YES;
				MARKETING_VERSION = 1.0;
				PRODUCT_BUNDLE_IDENTIFIER = com.VS.VirusGameUITests;
				PRODUCT_NAME = "$(TARGET_NAME)";
				SWIFT_EMIT_LOC_STRINGS = NO;
				SWIFT_VERSION = 5.0;
				TARGETED_DEVICE_FAMILY = "1,2";
				TEST_TARGET_NAME = VirusGame;
			};
			name = Debug;
		};
		61B474C129A12F4B0068A194 /* Release */ = {
			isa = XCBuildConfiguration;
			buildSettings = {
				ALWAYS_EMBED_SWIFT_STANDARD_LIBRARIES = YES;
				CODE_SIGN_STYLE = Automatic;
				CURRENT_PROJECT_VERSION = 1;
				DEVELOPMENT_TEAM = K6CPW5Z67L;
				GENERATE_INFOPLIST_FILE = YES;
				MARKETING_VERSION = 1.0;
				PRODUCT_BUNDLE_IDENTIFIER = com.VS.VirusGameUITests;
				PRODUCT_NAME = "$(TARGET_NAME)";
				SWIFT_EMIT_LOC_STRINGS = NO;
				SWIFT_VERSION = 5.0;
				TARGETED_DEVICE_FAMILY = "1,2";
				TEST_TARGET_NAME = VirusGame;
			};
			name = Release;
		};
/* End XCBuildConfiguration section */

/* Begin XCConfigurationList section */
		61B4748B29A12F490068A194 /* Build configuration list for PBXProject "VirusGame" */ = {
			isa = XCConfigurationList;
			buildConfigurations = (
				61B474B729A12F4B0068A194 /* Debug */,
				61B474B829A12F4B0068A194 /* Release */,
			);
			defaultConfigurationIsVisible = 0;
			defaultConfigurationName = Release;
		};
		61B474B929A12F4B0068A194 /* Build configuration list for PBXNativeTarget "VirusGame" */ = {
			isa = XCConfigurationList;
			buildConfigurations = (
				61B474BA29A12F4B0068A194 /* Debug */,
				61B474BB29A12F4B0068A194 /* Release */,
			);
			defaultConfigurationIsVisible = 0;
			defaultConfigurationName = Release;
		};
		61B474BC29A12F4B0068A194 /* Build configuration list for PBXNativeTarget "VirusGameTests" */ = {
			isa = XCConfigurationList;
			buildConfigurations = (
				61B474BD29A12F4B0068A194 /* Debug */,
				61B474BE29A12F4B0068A194 /* Release */,
			);
			defaultConfigurationIsVisible = 0;
			defaultConfigurationName = Release;
		};
		61B474BF29A12F4B0068A194 /* Build configuration list for PBXNativeTarget "VirusGameUITests" */ = {
			isa = XCConfigurationList;
			buildConfigurations = (
				61B474C029A12F4B0068A194 /* Debug */,
				61B474C129A12F4B0068A194 /* Release */,
			);
			defaultConfigurationIsVisible = 0;
			defaultConfigurationName = Release;
		};
/* End XCConfigurationList section */

/* Begin XCVersionGroup section */
		61B4749E29A12F4A0068A194 /* VirusGame.xcdatamodeld */ = {
			isa = XCVersionGroup;
			children = (
				61B4749F29A12F4A0068A194 /* VirusGame.xcdatamodel */,
			);
			currentVersion = 61B4749F29A12F4A0068A194 /* VirusGame.xcdatamodel */;
			path = VirusGame.xcdatamodeld;
			sourceTree = "<group>";
			versionGroupType = wrapper.xcdatamodel;
		};
/* End XCVersionGroup section */
	};
	rootObject = 61B4748829A12F490068A194 /* Project object */;
}
